
Microsoft Visual Studio Solution File, Format Version 12.00
# Visual Studio 15
VisualStudioVersion = 15.0.27703.2026
MinimumVisualStudioVersion = 10.0.40219.1
Project("{FAE04EC0-301F-11D3-BF4B-00C04F79EFBC}") = "Project2", "Project2\Project2.csproj", "{B362AA28-7AAB-4DC5-9048-A4908120619E}"
EndProject
Global
	GlobalSection(SolutionConfigurationPlatforms) = preSolution
		Debug|Any CPU = Debug|Any CPU
		Release|Any CPU = Release|Any CPU
	EndGlobalSection
	GlobalSection(ProjectConfigurationPlatforms) = postSolution
		{B362AA28-7AAB-4DC5-9048-A4908120619E}.Debug|Any CPU.ActiveCfg = Debug|Any CPU
		{B362AA28-7AAB-4DC5-9048-A4908120619E}.Debug|Any CPU.Build.0 = Debug|Any CPU
		{B362AA28-7AAB-4DC5-9048-A4908120619E}.Release|Any CPU.ActiveCfg = Release|Any CPU
		{B362AA28-7AAB-4DC5-9048-A4908120619E}.Release|Any CPU.Build.0 = Release|Any CPU
	EndGlobalSection
	GlobalSection(SolutionProperties) = preSolution
		HideSolutionNode = FALSE
	EndGlobalSection
	GlobalSection(ExtensibilityGlobals) = postSolution
		SolutionGuid = {8B92D007-A356-4DAE-92DB-CFAC88FC995C}
	EndGlobalSection
EndGlobal
